// !$*UTF8*$!
{
	archiveVersion = 1;
	classes = {
	};
	objectVersion = 77;
	objects = {

/* Begin PBXBuildFile section */
		5DAE2C4B2E73A82E00EF354B /* Ink in Frameworks */ = {isa = PBXBuildFile; productRef = 5DAE2C4A2E73A82E00EF354B /* Ink */; };
		MQTT0001MQTT0001MQTT0001 /* CocoaMQTT in Frameworks */ = {isa = PBXBuildFile; productRef = MQTT0002MQTT0002MQTT0002 /* CocoaMQTT */; };
/* End PBXBuildFile section */

/* Begin PBXContainerItemProxy section */
		5DA3BFFC2E5B3B8900B73B01 /* PBXContainerItemProxy */ = {
			isa = PBXContainerItemProxy;
			containerPortal = 5DA3BFE52E5B3B8800B73B01 /* Project object */;
			proxyType = 1;
			remoteGlobalIDString = 5DA3BFEC2E5B3B8800B73B01;
			remoteInfo = FindMySequoia;
		};
		5DA3C0062E5B3B8900B73B01 /* PBXContainerItemProxy */ = {
			isa = PBXContainerItemProxy;
			containerPortal = 5DA3BFE52E5B3B8800B73B01 /* Project object */;
			proxyType = 1;
			remoteGlobalIDString = 5DA3BFEC2E5B3B8800B73B01;
			remoteInfo = FindMySequoia;
		};
/* End PBXContainerItemProxy section */

/* Begin PBXFileReference section */
		5DA3BFED2E5B3B8800B73B01 /* FindMySyncPlus.app */ = {isa = PBXFileReference; explicitFileType = wrapper.application; includeInIndex = 0; path = FindMySyncPlus.app; sourceTree = BUILT_PRODUCTS_DIR; };
		5DA3BFFB2E5B3B8900B73B01 /* FindMySyncPlusTests.xctest */ = {isa = PBXFileReference; explicitFileType = wrapper.cfbundle; includeInIndex = 0; path = FindMySyncPlusTests.xctest; sourceTree = BUILT_PRODUCTS_DIR; };
		5DA3C0052E5B3B8900B73B01 /* FindMySyncPlusUITests.xctest */ = {isa = PBXFileReference; explicitFileType = wrapper.cfbundle; includeInIndex = 0; path = FindMySyncPlusUITests.xctest; sourceTree = BUILT_PRODUCTS_DIR; };
/* End PBXFileReference section */

/* Begin PBXFileSystemSynchronizedBuildFileExceptionSet section */
		5D5822292E6F2342000DB127 /* Exceptions for "FindMySyncPlus" folder in "FindMySyncPlus" target */ = {
			isa = PBXFileSystemSynchronizedBuildFileExceptionSet;
			membershipExceptions = (
				Info.plist,
			);
			target = 5DA3BFEC2E5B3B8800B73B01 /* FindMySyncPlus */;
		};
/* End PBXFileSystemSynchronizedBuildFileExceptionSet section */

/* Begin PBXFileSystemSynchronizedRootGroup section */
		5DA3BFEF2E5B3B8800B73B01 /* FindMySyncPlus */ = {
			isa = PBXFileSystemSynchronizedRootGroup;
			exceptions = (
				5D5822292E6F2342000DB127 /* Exceptions for "FindMySyncPlus" folder in "FindMySyncPlus" target */,
			);
			path = FindMySyncPlus;
			sourceTree = "<group>";
		};
		FA110001FA110001FA110001 /* FindMySyncPlusTests */ = {
			isa = PBXFileSystemSynchronizedRootGroup;
			path = FindMySyncPlusTests;
			sourceTree = "<group>";
		};
/* End PBXFileSystemSynchronizedRootGroup section */

/* Begin PBXFrameworksBuildPhase section */
		5DA3BFEA2E5B3B8800B73B01 /* Frameworks */ = {
			isa = PBXFrameworksBuildPhase;
			buildActionMask = 2147483647;
			files = (
				5DAE2C4B2E73A82E00EF354B /* Ink in Frameworks */,
				MQTT0001MQTT0001MQTT0001 /* CocoaMQTT in Frameworks */,
			);
			runOnlyForDeploymentPostprocessing = 0;
		};
		5DA3BFF82E5B3B8900B73B01 /* Frameworks */ = {
			isa = PBXFrameworksBuildPhase;
			buildActionMask = 2147483647;
			files = (
			);
			runOnlyForDeploymentPostprocessing = 0;
		};
		5DA3C0022E5B3B8900B73B01 /* Frameworks */ = {
			isa = PBXFrameworksBuildPhase;
			buildActionMask = 2147483647;
			files = (
			);
			runOnlyForDeploymentPostprocessing = 0;
		};
/* End PBXFrameworksBuildPhase section */

/* Begin PBXGroup section */
		5DA3BFE42E5B3B8800B73B01 = {
			isa = PBXGroup;
			children = (
				5DA3BFEF2E5B3B8800B73B01 /* FindMySyncPlus */,
				FA110001FA110001FA110001 /* FindMySyncPlusTests */,
				5DA3BFEE2E5B3B8800B73B01 /* Products */,
			);
			sourceTree = "<group>";
		};
		5DA3BFEE2E5B3B8800B73B01 /* Products */ = {
			isa = PBXGroup;
			children = (
				5DA3BFED2E5B3B8800B73B01 /* FindMySyncPlus.app */,
				5DA3BFFB2E5B3B8900B73B01 /* FindMySyncPlusTests.xctest */,
				5DA3C0052E5B3B8900B73B01 /* FindMySyncPlusUITests.xctest */,
			);
			name = Products;
			sourceTree = "<group>";
		};
/* End PBXGroup section */

/* Begin PBXNativeTarget section */
		5DA3BFEC2E5B3B8800B73B01 /* FindMySyncPlus */ = {
			isa = PBXNativeTarget;
			buildConfigurationList = 5DA3C00F2E5B3B8900B73B01 /* Build configuration list for PBXNativeTarget "FindMySyncPlus" */;
			buildPhases = (
				5DA3BFE92E5B3B8800B73B01 /* Sources */,
				5DA3BFEA2E5B3B8800B73B01 /* Frameworks */,
				5DA3BFEB2E5B3B8800B73B01 /* Resources */,
			);
			buildRules = (
			);
			dependencies = (
			);
			fileSystemSynchronizedGroups = (
				5DA3BFEF2E5B3B8800B73B01 /* FindMySyncPlus */,
			);
			name = FindMySyncPlus;
			packageProductDependencies = (
				5DAE2C4A2E73A82E00EF354B /* Ink */,
				MQTT0002MQTT0002MQTT0002 /* CocoaMQTT */,
			);
			productName = FindMySequoia;
			productReference = 5DA3BFED2E5B3B8800B73B01 /* FindMySyncPlus.app */;
			productType = "com.apple.product-type.application";
		};
		5DA3BFFA2E5B3B8900B73B01 /* FindMySyncPlusTests */ = {
			isa = PBXNativeTarget;
			buildConfigurationList = 5DA3C0122E5B3B8900B73B01 /* Build configuration list for PBXNativeTarget "FindMySyncPlusTests" */;
			buildPhases = (
				5DA3BFF72E5B3B8900B73B01 /* Sources */,
				5DA3BFF82E5B3B8900B73B01 /* Frameworks */,
				5DA3BFF92E5B3B8900B73B01 /* Resources */,
			);
			buildRules = (
			);
			dependencies = (
				5DA3BFFD2E5B3B8900B73B01 /* PBXTargetDependency */,
			);
			fileSystemSynchronizedGroups = (
				FA110001FA110001FA110001 /* FindMySyncPlusTests */,
			);
			name = FindMySyncPlusTests;
			packageProductDependencies = (
			);
			productName = FindMySequoiaTests;
			productReference = 5DA3BFFB2E5B3B8900B73B01 /* FindMySyncPlusTests.xctest */;
			productType = "com.apple.product-type.bundle.unit-test";
		};
		5DA3C0042E5B3B8900B73B01 /* FindMySyncPlusUITests */ = {
			isa = PBXNativeTarget;
			buildConfigurationList = 5DA3C0152E5B3B8900B73B01 /* Build configuration list for PBXNativeTarget "FindMySyncPlusUITests" */;
			buildPhases = (
				5DA3C0012E5B3B8900B73B01 /* Sources */,
				5DA3C0022E5B3B8900B73B01 /* Frameworks */,
				5DA3C0032E5B3B8900B73B01 /* Resources */,
			);
			buildRules = (
			);
			dependencies = (
				5DA3C0072E5B3B8900B73B01 /* PBXTargetDependency */,
			);
			name = FindMySyncPlusUITests;
			packageProductDependencies = (
			);
			productName = FindMySequoiaUITests;
			productReference = 5DA3C0052E5B3B8900B73B01 /* FindMySyncPlusUITests.xctest */;
			productType = "com.apple.product-type.bundle.ui-testing";
		};
/* End PBXNativeTarget section */

/* Begin PBXProject section */
		5DA3BFE52E5B3B8800B73B01 /* Project object */ = {
			isa = PBXProject;
			attributes = {
				BuildIndependentTargetsInParallel = 1;
				LastSwiftUpdateCheck = 1640;
				LastUpgradeCheck = 2600;
				TargetAttributes = {
					5DA3BFEC2E5B3B8800B73B01 = {
						CreatedOnToolsVersion = 16.4;
					};
					5DA3BFFA2E5B3B8900B73B01 = {
						CreatedOnToolsVersion = 16.4;
						TestTargetID = 5DA3BFEC2E5B3B8800B73B01;
					};
					5DA3C0042E5B3B8900B73B01 = {
						CreatedOnToolsVersion = 16.4;
						TestTargetID = 5DA3BFEC2E5B3B8800B73B01;
					};
				};
			};
			buildConfigurationList = 5DA3BFE82E5B3B8800B73B01 /* Build configuration list for PBXProject "FindMySyncPlus" */;
			developmentRegion = en;
			hasScannedForEncodings = 0;
			knownRegions = (
				en,
				Base,
			);
			mainGroup = 5DA3BFE42E5B3B8800B73B01;
			minimizedProjectReferenceProxies = 1;
			packageReferences = (
				5DAE2C492E73A82E00EF354B /* XCRemoteSwiftPackageReference "Ink" */,
				MQTT0003MQTT0003MQTT0003 /* XCRemoteSwiftPackageReference "CocoaMQTT" */,
			);
			preferredProjectObjectVersion = 77;
			productRefGroup = 5DA3BFEE2E5B3B8800B73B01 /* Products */;
			projectDirPath = "";
			projectRoot = "";
			targets = (
				5DA3BFEC2E5B3B8800B73B01 /* FindMySyncPlus */,
				5DA3BFFA2E5B3B8900B73B01 /* FindMySyncPlusTests */,
				5DA3C0042E5B3B8900B73B01 /* FindMySyncPlusUITests */,
			);
		};
/* End PBXProject section */

/* Begin PBXResourcesBuildPhase section */
		5DA3BFEB2E5B3B8800B73B01 /* Resources */ = {
			isa = PBXResourcesBuildPhase;
			buildActionMask = 2147483647;
			files = (
			);
			runOnlyForDeploymentPostprocessing = 0;
		};
		5DA3BFF92E5B3B8900B73B01 /* Resources */ = {
			isa = PBXResourcesBuildPhase;
			buildActionMask = 2147483647;
			files = (
			);
			runOnlyForDeploymentPostprocessing = 0;
		};
		5DA3C0032E5B3B8900B73B01 /* Resources */ = {
			isa = PBXResourcesBuildPhase;
			buildActionMask = 2147483647;
			files = (
			);
			runOnlyForDeploymentPostprocessing = 0;
		};
/* End PBXResourcesBuildPhase section */

/* Begin PBXSourcesBuildPhase section */
		5DA3BFE92E5B3B8800B73B01 /* Sources */ = {
			isa = PBXSourcesBuildPhase;
			buildActionMask = 2147483647;
			files = (
			);
			runOnlyForDeploymentPostprocessing = 0;
		};
		5DA3BFF72E5B3B8900B73B01 /* Sources */ = {
			isa = PBXSourcesBuildPhase;
			buildActionMask = 2147483647;
			files = (
			);
			runOnlyForDeploymentPostprocessing = 0;
		};
		5DA3C0012E5B3B8900B73B01 /* Sources */ = {
			isa = PBXSourcesBuildPhase;
			buildActionMask = 2147483647;
			files = (
			);
			runOnlyForDeploymentPostprocessing = 0;
		};
/* End PBXSourcesBuildPhase section */

/* Begin PBXTargetDependency section */
		5DA3BFFD2E5B3B8900B73B01 /* PBXTargetDependency */ = {
			isa = PBXTargetDependency;
			target = 5DA3BFEC2E5B3B8800B73B01 /* FindMySyncPlus */;
			targetProxy = 5DA3BFFC2E5B3B8900B73B01 /* PBXContainerItemProxy */;
		};
		5DA3C0072E5B3B8900B73B01 /* PBXTargetDependency */ = {
			isa = PBXTargetDependency;
			target = 5DA3BFEC2E5B3B8800B73B01 /* FindMySyncPlus */;
			targetProxy = 5DA3C0062E5B3B8900B73B01 /* PBXContainerItemProxy */;
		};
/* End PBXTargetDependency section */

/* Begin XCBuildConfiguration section */
		5DA3C00D2E5B3B8900B73B01 /* Debug */ = {
			isa = XCBuildConfiguration;
			buildSettings = {
				ALWAYS_SEARCH_USER_PATHS = NO;
				ASSETCATALOG_COMPILER_GENERATE_SWIFT_ASSET_SYMBOL_EXTENSIONS = YES;
				CLANG_ANALYZER_NONNULL = YES;
				CLANG_ANALYZER_NUMBER_OBJECT_CONVERSION = YES_AGGRESSIVE;
				CLANG_CXX_LANGUAGE_STANDARD = "gnu++20";
				CLANG_ENABLE_MODULES = YES;
				CLANG_ENABLE_OBJC_ARC = YES;
				CLANG_ENABLE_OBJC_WEAK = YES;
				CLANG_WARN_BLOCK_CAPTURE_AUTORELEASING = YES;
				CLANG_WARN_BOOL_CONVERSION = YES;
				CLANG_WARN_COMMA = YES;
				CLANG_WARN_CONSTANT_CONVERSION = YES;
				CLANG_WARN_DEPRECATED_OBJC_IMPLEMENTATIONS = YES;
				CLANG_WARN_DIRECT_OBJC_ISA_USAGE = YES_ERROR;
				CLANG_WARN_DOCUMENTATION_COMMENTS = YES;
				CLANG_WARN_EMPTY_BODY = YES;
				CLANG_WARN_ENUM_CONVERSION = YES;
				CLANG_WARN_INFINITE_RECURSION = YES;
				CLANG_WARN_INT_CONVERSION = YES;
				CLANG_WARN_NON_LITERAL_NULL_CONVERSION = YES;
				CLANG_WARN_OBJC_IMPLICIT_RETAIN_SELF = YES;
				CLANG_WARN_OBJC_LITERAL_CONVERSION = YES;
				CLANG_WARN_OBJC_ROOT_CLASS = YES_ERROR;
				CLANG_WARN_QUOTED_INCLUDE_IN_FRAMEWORK_HEADER = YES;
				CLANG_WARN_RANGE_LOOP_ANALYSIS = YES;
				CLANG_WARN_STRICT_PROTOTYPES = YES;
				CLANG_WARN_SUSPICIOUS_MOVE = YES;
				CLANG_WARN_UNGUARDED_AVAILABILITY = YES_AGGRESSIVE;
				CLANG_WARN_UNREACHABLE_CODE = YES;
				CLANG_WARN__DUPLICATE_METHOD_MATCH = YES;
				COPY_PHASE_STRIP = NO;
				DEAD_CODE_STRIPPING = YES;
				DEBUG_INFORMATION_FORMAT = dwarf;
				DEVELOPMENT_TEAM = BY8NM7T2V6;
				ENABLE_STRICT_OBJC_MSGSEND = YES;
				ENABLE_TESTABILITY = YES;
				ENABLE_USER_SCRIPT_SANDBOXING = YES;
				GCC_C_LANGUAGE_STANDARD = gnu17;
				GCC_DYNAMIC_NO_PIC = NO;
				GCC_NO_COMMON_BLOCKS = YES;
				GCC_OPTIMIZATION_LEVEL = 0;
				GCC_PREPROCESSOR_DEFINITIONS = (
					"DEBUG=1",
					"$(inherited)",
				);
				GCC_WARN_64_TO_32_BIT_CONVERSION = YES;
				GCC_WARN_ABOUT_RETURN_TYPE = YES_ERROR;
				GCC_WARN_UNDECLARED_SELECTOR = YES;
				GCC_WARN_UNINITIALIZED_AUTOS = YES_AGGRESSIVE;
				GCC_WARN_UNUSED_FUNCTION = YES;
				GCC_WARN_UNUSED_VARIABLE = YES;
				INFOPLIST_FILE = FindMySyncPlus/Info.plist;
				LOCALIZATION_PREFERS_STRING_CATALOGS = YES;
				MACOSX_DEPLOYMENT_TARGET = 15.5;
				MTL_ENABLE_DEBUG_INFO = INCLUDE_SOURCE;
				MTL_FAST_MATH = YES;
				ONLY_ACTIVE_ARCH = YES;
				PRODUCT_NAME = FindMySyncPlus;
				SDKROOT = macosx;
				STRING_CATALOG_GENERATE_SYMBOLS = YES;
				SWIFT_ACTIVE_COMPILATION_CONDITIONS = "DEBUG $(inherited)";
				SWIFT_OPTIMIZATION_LEVEL = "-Onone";
			};
			name = Debug;
		};
		5DA3C00E2E5B3B8900B73B01 /* Release */ = {
			isa = XCBuildConfiguration;
			buildSettings = {
				ALWAYS_SEARCH_USER_PATHS = NO;
				ASSETCATALOG_COMPILER_GENERATE_SWIFT_ASSET_SYMBOL_EXTENSIONS = YES;
				CLANG_ANALYZER_NONNULL = YES;
				CLANG_ANALYZER_NUMBER_OBJECT_CONVERSION = YES_AGGRESSIVE;
				CLANG_CXX_LANGUAGE_STANDARD = "gnu++20";
				CLANG_ENABLE_MODULES = YES;
				CLANG_ENABLE_OBJC_ARC = YES;
				CLANG_ENABLE_OBJC_WEAK = YES;
				CLANG_WARN_BLOCK_CAPTURE_AUTORELEASING = YES;
				CLANG_WARN_BOOL_CONVERSION = YES;
				CLANG_WARN_COMMA = YES;
				CLANG_WARN_CONSTANT_CONVERSION = YES;
				CLANG_WARN_DEPRECATED_OBJC_IMPLEMENTATIONS = YES;
				CLANG_WARN_DIRECT_OBJC_ISA_USAGE = YES_ERROR;
				CLANG_WARN_DOCUMENTATION_COMMENTS = YES;
				CLANG_WARN_EMPTY_BODY = YES;
				CLANG_WARN_ENUM_CONVERSION = YES;
				CLANG_WARN_INFINITE_RECURSION = YES;
				CLANG_WARN_INT_CONVERSION = YES;
				CLANG_WARN_NON_LITERAL_NULL_CONVERSION = YES;
				CLANG_WARN_OBJC_IMPLICIT_RETAIN_SELF = YES;
				CLANG_WARN_OBJC_LITERAL_CONVERSION = YES;
				CLANG_WARN_OBJC_ROOT_CLASS = YES_ERROR;
				CLANG_WARN_QUOTED_INCLUDE_IN_FRAMEWORK_HEADER = YES;
				CLANG_WARN_RANGE_LOOP_ANALYSIS = YES;
				CLANG_WARN_STRICT_PROTOTYPES = YES;
				CLANG_WARN_SUSPICIOUS_MOVE = YES;
				CLANG_WARN_UNGUARDED_AVAILABILITY = YES_AGGRESSIVE;
				CLANG_WARN_UNREACHABLE_CODE = YES;
				CLANG_WARN__DUPLICATE_METHOD_MATCH = YES;
				COPY_PHASE_STRIP = NO;
				DEAD_CODE_STRIPPING = YES;
				DEBUG_INFORMATION_FORMAT = "dwarf-with-dsym";
				DEVELOPMENT_TEAM = BY8NM7T2V6;
				ENABLE_NS_ASSERTIONS = NO;
				ENABLE_STRICT_OBJC_MSGSEND = YES;
				ENABLE_USER_SCRIPT_SANDBOXING = YES;
				GCC_C_LANGUAGE_STANDARD = gnu17;
				GCC_NO_COMMON_BLOCKS = YES;
				GCC_WARN_64_TO_32_BIT_CONVERSION = YES;
				GCC_WARN_ABOUT_RETURN_TYPE = YES_ERROR;
				GCC_WARN_UNDECLARED_SELECTOR = YES;
				GCC_WARN_UNINITIALIZED_AUTOS = YES_AGGRESSIVE;
				GCC_WARN_UNUSED_FUNCTION = YES;
				GCC_WARN_UNUSED_VARIABLE = YES;
				INFOPLIST_FILE = FindMySyncPlus/Info.plist;
				LOCALIZATION_PREFERS_STRING_CATALOGS = YES;
				MACOSX_DEPLOYMENT_TARGET = 15.5;
				MTL_ENABLE_DEBUG_INFO = NO;
				MTL_FAST_MATH = YES;
				PRODUCT_NAME = FindMySyncPlus;
				SDKROOT = macosx;
				STRING_CATALOG_GENERATE_SYMBOLS = YES;
				SWIFT_COMPILATION_MODE = wholemodule;
			};
			name = Release;
		};
		5DA3C0102E5B3B8900B73B01 /* Debug */ = {
			isa = XCBuildConfiguration;
			buildSettings = {
				ASSETCATALOG_COMPILER_APPICON_NAME = AppIcon;
				ASSETCATALOG_COMPILER_GLOBAL_ACCENT_COLOR_NAME = AccentColor;
				ASSETCATALOG_COMPILER_INCLUDE_ALL_APPICON_ASSETS = NO;
				CODE_SIGN_ENTITLEMENTS = FindMySyncPlus/FindMySyncPlus.entitlements;
				CODE_SIGN_IDENTITY = "Apple Development";
				CODE_SIGN_STYLE = Automatic;
				COMBINE_HIDPI_IMAGES = YES;
				CURRENT_PROJECT_VERSION = 1;
				DEAD_CODE_STRIPPING = YES;
				DEVELOPMENT_TEAM = "";
				ENABLE_HARDENED_RUNTIME = YES;
				ENABLE_PREVIEWS = YES;
				ENABLE_USER_SCRIPT_SANDBOXING = YES;
				GENERATE_INFOPLIST_FILE = NO;
				INFOPLIST_FILE = FindMySyncPlus/Info.plist;
				INFOPLIST_KEY_CFBundleDisplayName = "FindMySync+";
				INFOPLIST_KEY_LSApplicationCategoryType = "";
				INFOPLIST_KEY_NSHumanReadableCopyright = "";
				LD_RUNPATH_SEARCH_PATHS = (
					"$(inherited)",
					"@executable_path/../Frameworks",
				);
				MACOSX_DEPLOYMENT_TARGET = 15.0;
				MARKETING_VERSION = 1.4.3b;
				PRODUCT_BUNDLE_IDENTIFIER = com.manonstreet.FindMySyncPlus;
				PRODUCT_NAME = "$(TARGET_NAME)";
				PROVISIONING_PROFILE_SPECIFIER = "";
				REGISTER_APP_GROUPS = YES;
				SWIFT_EMIT_LOC_STRINGS = YES;
				SWIFT_STRICT_CONCURRENCY = complete;
				SWIFT_VERSION = 6.0;
			};
			name = Debug;
		};
		5DA3C0112E5B3B8900B73B01 /* Release */ = {
			isa = XCBuildConfiguration;
			buildSettings = {
				ASSETCATALOG_COMPILER_APPICON_NAME = AppIcon;
				ASSETCATALOG_COMPILER_GLOBAL_ACCENT_COLOR_NAME = AccentColor;
				ASSETCATALOG_COMPILER_INCLUDE_ALL_APPICON_ASSETS = NO;
				CODE_SIGN_ENTITLEMENTS = FindMySyncPlus/FindMySyncPlus.entitlements;
				CODE_SIGN_IDENTITY = "Apple Development";
				CODE_SIGN_STYLE = Automatic;
				COMBINE_HIDPI_IMAGES = YES;
				CURRENT_PROJECT_VERSION = 1;
				DEAD_CODE_STRIPPING = YES;
				DEVELOPMENT_TEAM = "";
				ENABLE_HARDENED_RUNTIME = YES;
				ENABLE_PREVIEWS = YES;
				ENABLE_USER_SCRIPT_SANDBOXING = YES;
				GENERATE_INFOPLIST_FILE = NO;
				INFOPLIST_FILE = FindMySyncPlus/Info.plist;
				INFOPLIST_KEY_CFBundleDisplayName = "FindMySync+";
				INFOPLIST_KEY_LSApplicationCategoryType = "";
				INFOPLIST_KEY_NSHumanReadableCopyright = "";
				LD_RUNPATH_SEARCH_PATHS = (
					"$(inherited)",
					"@executable_path/../Frameworks",
				);
				MACOSX_DEPLOYMENT_TARGET = 15.0;
				MARKETING_VERSION = 1.4.3b;
				PRODUCT_BUNDLE_IDENTIFIER = com.manonstreet.FindMySyncPlus;
				PRODUCT_NAME = "$(TARGET_NAME)";
				PROVISIONING_PROFILE_SPECIFIER = "";
				REGISTER_APP_GROUPS = YES;
				SWIFT_EMIT_LOC_STRINGS = YES;
				SWIFT_STRICT_CONCURRENCY = complete;
				SWIFT_VERSION = 6.0;
			};
			name = Release;
		};
		5DA3C0132E5B3B8900B73B01 /* Debug */ = {
			isa = XCBuildConfiguration;
			buildSettings = {
				BUNDLE_LOADER = "$(TEST_HOST)";
				CODE_SIGN_STYLE = Manual;
				CURRENT_PROJECT_VERSION = 1;
				DEAD_CODE_STRIPPING = YES;
				DEVELOPMENT_TEAM = "";
				GENERATE_INFOPLIST_FILE = YES;
				INFOPLIST_FILE = "";
				MACOSX_DEPLOYMENT_TARGET = 15.0;
				MARKETING_VERSION = 1.4.3b;
				PRODUCT_BUNDLE_IDENTIFIER = com.manonstreet.FindMySequoiaTests;
				PRODUCT_NAME = "$(TARGET_NAME)";
				PROVISIONING_PROFILE_SPECIFIER = "";
				SWIFT_EMIT_LOC_STRINGS = NO;
				SWIFT_VERSION = 5.0;
				TEST_HOST = "$(BUILT_PRODUCTS_DIR)/FindMySyncPlus.app/$(BUNDLE_EXECUTABLE_FOLDER_PATH)/FindMySyncPlus";
			};
			name = Debug;
		};
		5DA3C0142E5B3B8900B73B01 /* Release */ = {
			isa = XCBuildConfiguration;
			buildSettings = {
				BUNDLE_LOADER = "$(TEST_HOST)";
				CODE_SIGN_STYLE = Manual;
				CURRENT_PROJECT_VERSION = 1;
				DEAD_CODE_STRIPPING = YES;
				DEVELOPMENT_TEAM = "";
				GENERATE_INFOPLIST_FILE = YES;
				INFOPLIST_FILE = "";
				MACOSX_DEPLOYMENT_TARGET = 15.0;
				MARKETING_VERSION = 1.4.3b;
				PRODUCT_BUNDLE_IDENTIFIER = com.manonstreet.FindMySequoiaTests;
				PRODUCT_NAME = "$(TARGET_NAME)";
				PROVISIONING_PROFILE_SPECIFIER = "";
				SWIFT_EMIT_LOC_STRINGS = NO;
				SWIFT_VERSION = 5.0;
				TEST_HOST = "$(BUILT_PRODUCTS_DIR)/FindMySyncPlus.app/$(BUNDLE_EXECUTABLE_FOLDER_PATH)/FindMySyncPlus";
			};
			name = Release;
		};
		5DA3C0162E5B3B8900B73B01 /* Debug */ = {
			isa = XCBuildConfiguration;
			buildSettings = {
				CODE_SIGN_STYLE = Manual;
				CURRENT_PROJECT_VERSION = 1;
				DEAD_CODE_STRIPPING = YES;
				DEVELOPMENT_TEAM = "";
				GENERATE_INFOPLIST_FILE = YES;
				INFOPLIST_FILE = "";
				MACOSX_DEPLOYMENT_TARGET = 15.0;
				MARKETING_VERSION = 1.4.3b;
				PRODUCT_BUNDLE_IDENTIFIER = com.manonstreet.FindMySequoiaUITests;
				PRODUCT_NAME = "$(TARGET_NAME)";
				PROVISIONING_PROFILE_SPECIFIER = "";
				SWIFT_EMIT_LOC_STRINGS = NO;
				SWIFT_VERSION = 5.0;
				TEST_TARGET_NAME = FindMySequoia;
			};
			name = Debug;
		};
		5DA3C0172E5B3B8900B73B01 /* Release */ = {
			isa = XCBuildConfiguration;
			buildSettings = {
				CODE_SIGN_STYLE = Manual;
				CURRENT_PROJECT_VERSION = 1;
				DEAD_CODE_STRIPPING = YES;
				DEVELOPMENT_TEAM = "";
				GENERATE_INFOPLIST_FILE = YES;
				INFOPLIST_FILE = "";
				MACOSX_DEPLOYMENT_TARGET = 15.0;
				MARKETING_VERSION = 1.4.3b;
				PRODUCT_BUNDLE_IDENTIFIER = com.manonstreet.FindMySequoiaUITests;
				PRODUCT_NAME = "$(TARGET_NAME)";
				PROVISIONING_PROFILE_SPECIFIER = "";
				SWIFT_EMIT_LOC_STRINGS = NO;
				SWIFT_VERSION = 5.0;
				TEST_TARGET_NAME = FindMySequoia;
			};
			name = Release;
		};
/* End XCBuildConfiguration section */

/* Begin XCConfigurationList section */
		5DA3BFE82E5B3B8800B73B01 /* Build configuration list for PBXProject "FindMySyncPlus" */ = {
			isa = XCConfigurationList;
			buildConfigurations = (
				5DA3C00D2E5B3B8900B73B01 /* Debug */,
				5DA3C00E2E5B3B8900B73B01 /* Release */,
			);
			defaultConfigurationIsVisible = 0;
			defaultConfigurationName = Release;
		};
		5DA3C00F2E5B3B8900B73B01 /* Build configuration list for PBXNativeTarget "FindMySyncPlus" */ = {
			isa = XCConfigurationList;
			buildConfigurations = (
				5DA3C0102E5B3B8900B73B01 /* Debug */,
				5DA3C0112E5B3B8900B73B01 /* Release */,
			);
			defaultConfigurationIsVisible = 0;
			defaultConfigurationName = Release;
		};
		5DA3C0122E5B3B8900B73B01 /* Build configuration list for PBXNativeTarget "FindMySyncPlusTests" */ = {
			isa = XCConfigurationList;
			buildConfigurations = (
				5DA3C0132E5B3B8900B73B01 /* Debug */,
				5DA3C0142E5B3B8900B73B01 /* Release */,
			);
			defaultConfigurationIsVisible = 0;
			defaultConfigurationName = Release;
		};
		5DA3C0152E5B3B8900B73B01 /* Build configuration list for PBXNativeTarget "FindMySyncPlusUITests" */ = {
			isa = XCConfigurationList;
			buildConfigurations = (
				5DA3C0162E5B3B8900B73B01 /* Debug */,
				5DA3C0172E5B3B8900B73B01 /* Release */,
			);
			defaultConfigurationIsVisible = 0;
			defaultConfigurationName = Release;
		};
/* End XCConfigurationList section */

/* Begin XCRemoteSwiftPackageReference section */
		5DAE2C492E73A82E00EF354B /* XCRemoteSwiftPackageReference "Ink" */ = {
			isa = XCRemoteSwiftPackageReference;
			repositoryURL = "https://github.com/johnsundell/Ink";
			requirement = {
				kind = upToNextMajorVersion;
				minimumVersion = 0.6.0;
			};
		};
		MQTT0003MQTT0003MQTT0003 /* XCRemoteSwiftPackageReference "CocoaMQTT" */ = {
			isa = XCRemoteSwiftPackageReference;
			repositoryURL = "https://github.com/emqx/CocoaMQTT.git";
			requirement = {
				kind = upToNextMajorVersion;
				minimumVersion = 2.1.9;
			};
		};
/* End XCRemoteSwiftPackageReference section */

/* Begin XCSwiftPackageProductDependency section */
		5DAE2C4A2E73A82E00EF354B /* Ink */ = {
			isa = XCSwiftPackageProductDependency;
			package = 5DAE2C492E73A82E00EF354B /* XCRemoteSwiftPackageReference "Ink" */;
			productName = Ink;
		};
		MQTT0002MQTT0002MQTT0002 /* CocoaMQTT */ = {
			isa = XCSwiftPackageProductDependency;
			package = MQTT0003MQTT0003MQTT0003 /* XCRemoteSwiftPackageReference "CocoaMQTT" */;
			productName = CocoaMQTT;
		};
/* End XCSwiftPackageProductDependency section */
	};
	rootObject = 5DA3BFE52E5B3B8800B73B01 /* Project object */;
}
